// !$*UTF8*$!
{
	archiveVersion = 1;
	classes = {
	};
	objectVersion = 46;
	objects = {

/* Begin PBXBuildFile section */
		F96C5E411BCFDB8F008B833C /* main.m in Sources */ = {isa = PBXBuildFile; fileRef = F96C5E401BCFDB8F008B833C /* main.m */; };
		F96C5E441BCFDB8F008B833C /* AppDelegate.m in Sources */ = {isa = PBXBuildFile; fileRef = F96C5E431BCFDB8F008B833C /* AppDelegate.m */; };
		F96C5E471BCFDB8F008B833C /* EditorViewController.m in Sources */ = {isa = PBXBuildFile; fileRef = F96C5E461BCFDB8F008B833C /* EditorViewController.m */; };
		F96C5E4A1BCFDB8F008B833C /* Main.storyboard in Resources */ = {isa = PBXBuildFile; fileRef = F96C5E481BCFDB8F008B833C /* Main.storyboard */; };
		F96C5E4C1BCFDB8F008B833C /* Images.xcassets in Resources */ = {isa = PBXBuildFile; fileRef = F96C5E4B1BCFDB8F008B833C /* Images.xcassets */; };
		F96C5E4F1BCFDB90008B833C /* LaunchScreen.xib in Resources */ = {isa = PBXBuildFile; fileRef = F96C5E4D1BCFDB90008B833C /* LaunchScreen.xib */; };
		F96C5E5B1BCFDB90008B833C /* ShapeEditorTests.m in Sources */ = {isa = PBXBuildFile; fileRef = F96C5E5A1BCFDB90008B833C /* ShapeEditorTests.m */; };
		F96C5E6B1BCFE694008B833C /* Shape Blocks Solid.ttf in Resources */ = {isa = PBXBuildFile; fileRef = F96C5E6A1BCFE68C008B833C /* Shape Blocks Solid.ttf */; };
		F96C5E6D1BCFEE88008B833C /* Entypo.otf in Resources */ = {isa = PBXBuildFile; fileRef = F96C5E6C1BCFEE88008B833C /* Entypo.otf */; };
		F96C5E711BD025A0008B833C /* SEShape.m in Sources */ = {isa = PBXBuildFile; fileRef = F96C5E701BD025A0008B833C /* SEShape.m */; };
		F96C5E741BD025F3008B833C /* SEWorkArea.m in Sources */ = {isa = PBXBuildFile; fileRef = F96C5E731BD025F3008B833C /* SEWorkArea.m */; };
		F96C5E771BD02619008B833C /* SECommand.m in Sources */ = {isa = PBXBuildFile; fileRef = F96C5E761BD02619008B833C /* SECommand.m */; };
		F96C5E7D1BD026A9008B833C /* SECommandInvoker.m in Sources */ = {isa = PBXBuildFile; fileRef = F96C5E7C1BD026A9008B833C /* SECommandInvoker.m */; };
		F96C5E821BD0E039008B833C /* SECommandAdd.m in Sources */ = {isa = PBXBuildFile; fileRef = F96C5E811BD0E039008B833C /* SECommandAdd.m */; };
		F96C5E851BD0F1D6008B833C /* SECommandRemove.m in Sources */ = {isa = PBXBuildFile; fileRef = F96C5E841BD0F1D6008B833C /* SECommandRemove.m */; };
		F96C5E891BD10095008B833C /* HStack.m in Sources */ = {isa = PBXBuildFile; fileRef = F96C5E881BD10095008B833C /* HStack.m */; };
		F96C5E8F1BD1263A008B833C /* SECommandModify.m in Sources */ = {isa = PBXBuildFile; fileRef = F96C5E8E1BD1263A008B833C /* SECommandModify.m */; };
		F96C5E931BD13472008B833C /* SEShapeView.m in Sources */ = {isa = PBXBuildFile; fileRef = F96C5E921BD13472008B833C /* SEShapeView.m */; };
		F96C5E961BD24E96008B833C /* SETriangleShapeView.m in Sources */ = {isa = PBXBuildFile; fileRef = F96C5E951BD24E96008B833C /* SETriangleShapeView.m */; };
		F96C5E991BD2520B008B833C /* SECircleShapeView.m in Sources */ = {isa = PBXBuildFile; fileRef = F96C5E981BD2520B008B833C /* SECircleShapeView.m */; };
		F96C5E9C1BD25229008B833C /* SERectangleShapeView.m in Sources */ = {isa = PBXBuildFile; fileRef = F96C5E9B1BD25229008B833C /* SERectangleShapeView.m */; };
		F96C5EA11BD26BE9008B833C /* UIColor+ShapeColor.m in Sources */ = {isa = PBXBuildFile; fileRef = F96C5EA01BD26BE9008B833C /* UIColor+ShapeColor.m */; };
		F96C5EA41BD273FF008B833C /* UIView+Extended.m in Sources */ = {isa = PBXBuildFile; fileRef = F96C5EA31BD273FF008B833C /* UIView+Extended.m */; };
		F96C5EA71BD3F79E008B833C /* SEShapesStorage.m in Sources */ = {isa = PBXBuildFile; fileRef = F96C5EA61BD3F79E008B833C /* SEShapesStorage.m */; };
		F96C5EAF1BD4152A008B833C /* MBProgressHUD.m in Sources */ = {isa = PBXBuildFile; fileRef = F96C5EAE1BD4152A008B833C /* MBProgressHUD.m */; };
		F98C3E801BD806A6008640EF /* SEWorkAreaView.m in Sources */ = {isa = PBXBuildFile; fileRef = F98C3E7F1BD806A6008640EF /* SEWorkAreaView.m */; };
/* End PBXBuildFile section */

/* Begin PBXContainerItemProxy section */
		F96C5E551BCFDB90008B833C /* PBXContainerItemProxy */ = {
			isa = PBXContainerItemProxy;
			containerPortal = F96C5E331BCFDB8F008B833C /* Project object */;
			proxyType = 1;
			remoteGlobalIDString = F96C5E3A1BCFDB8F008B833C;
			remoteInfo = ShapeEditor;
		};
/* End PBXContainerItemProxy section */

/* Begin PBXFileReference section */
		F96C5E3B1BCFDB8F008B833C /* ShapeEditor.app */ = {isa = PBXFileReference; explicitFileType = wrapper.application; includeInIndex = 0; path = ShapeEditor.app; sourceTree = BUILT_PRODUCTS_DIR; };
		F96C5E3F1BCFDB8F008B833C /* Info.plist */ = {isa = PBXFileReference; lastKnownFileType = text.plist.xml; path = Info.plist; sourceTree = "<group>"; };
		F96C5E401BCFDB8F008B833C /* main.m */ = {isa = PBXFileReference; lastKnownFileType = sourcecode.c.objc; path = main.m; sourceTree = "<group>"; };
		F96C5E421BCFDB8F008B833C /* AppDelegate.h */ = {isa = PBXFileReference; lastKnownFileType = sourcecode.c.h; path = AppDelegate.h; sourceTree = "<group>"; };
		F96C5E431BCFDB8F008B833C /* AppDelegate.m */ = {isa = PBXFileReference; lastKnownFileType = sourcecode.c.objc; path = AppDelegate.m; sourceTree = "<group>"; };
		F96C5E451BCFDB8F008B833C /* EditorViewController.h */ = {isa = PBXFileReference; lastKnownFileType = sourcecode.c.h; path = EditorViewController.h; sourceTree = "<group>"; };
		F96C5E461BCFDB8F008B833C /* EditorViewController.m */ = {isa = PBXFileReference; lastKnownFileType = sourcecode.c.objc; path = EditorViewController.m; sourceTree = "<group>"; };
		F96C5E491BCFDB8F008B833C /* Base */ = {isa = PBXFileReference; lastKnownFileType = file.storyboard; name = Base; path = Base.lproj/Main.storyboard; sourceTree = "<group>"; };
		F96C5E4B1BCFDB8F008B833C /* Images.xcassets */ = {isa = PBXFileReference; lastKnownFileType = folder.assetcatalog; path = Images.xcassets; sourceTree = "<group>"; };
		F96C5E4E1BCFDB90008B833C /* Base */ = {isa = PBXFileReference; lastKnownFileType = file.xib; name = Base; path = Base.lproj/LaunchScreen.xib; sourceTree = "<group>"; };
		F96C5E541BCFDB90008B833C /* ShapeEditorTests.xctest */ = {isa = PBXFileReference; explicitFileType = wrapper.cfbundle; includeInIndex = 0; path = ShapeEditorTests.xctest; sourceTree = BUILT_PRODUCTS_DIR; };
		F96C5E591BCFDB90008B833C /* Info.plist */ = {isa = PBXFileReference; lastKnownFileType = text.plist.xml; path = Info.plist; sourceTree = "<group>"; };
		F96C5E5A1BCFDB90008B833C /* ShapeEditorTests.m */ = {isa = PBXFileReference; lastKnownFileType = sourcecode.c.objc; path = ShapeEditorTests.m; sourceTree = "<group>"; };
		F96C5E6A1BCFE68C008B833C /* Shape Blocks Solid.ttf */ = {isa = PBXFileReference; lastKnownFileType = file; path = "Shape Blocks Solid.ttf"; sourceTree = "<group>"; };
		F96C5E6C1BCFEE88008B833C /* Entypo.otf */ = {isa = PBXFileReference; lastKnownFileType = file; path = Entypo.otf; sourceTree = "<group>"; };
		F96C5E6F1BD025A0008B833C /* SEShape.h */ = {isa = PBXFileReference; fileEncoding = 4; lastKnownFileType = sourcecode.c.h; path = SEShape.h; sourceTree = "<group>"; };
		F96C5E701BD025A0008B833C /* SEShape.m */ = {isa = PBXFileReference; fileEncoding = 4; lastKnownFileType = sourcecode.c.objc; path = SEShape.m; sourceTree = "<group>"; };
		F96C5E721BD025F3008B833C /* SEWorkArea.h */ = {isa = PBXFileReference; fileEncoding = 4; lastKnownFileType = sourcecode.c.h; path = SEWorkArea.h; sourceTree = "<group>"; };
		F96C5E731BD025F3008B833C /* SEWorkArea.m */ = {isa = PBXFileReference; fileEncoding = 4; lastKnownFileType = sourcecode.c.objc; path = SEWorkArea.m; sourceTree = "<group>"; };
		F96C5E751BD02619008B833C /* SECommand.h */ = {isa = PBXFileReference; fileEncoding = 4; lastKnownFileType = sourcecode.c.h; path = SECommand.h; sourceTree = "<group>"; };
		F96C5E761BD02619008B833C /* SECommand.m */ = {isa = PBXFileReference; fileEncoding = 4; lastKnownFileType = sourcecode.c.objc; path = SECommand.m; sourceTree = "<group>"; };
		F96C5E7B1BD026A9008B833C /* SECommandInvoker.h */ = {isa = PBXFileReference; fileEncoding = 4; lastKnownFileType = sourcecode.c.h; path = SECommandInvoker.h; sourceTree = "<group>"; };
		F96C5E7C1BD026A9008B833C /* SECommandInvoker.m */ = {isa = PBXFileReference; fileEncoding = 4; lastKnownFileType = sourcecode.c.objc; path = SECommandInvoker.m; sourceTree = "<group>"; };
		F96C5E801BD0E039008B833C /* SECommandAdd.h */ = {isa = PBXFileReference; fileEncoding = 4; lastKnownFileType = sourcecode.c.h; path = SECommandAdd.h; sourceTree = "<group>"; };
		F96C5E811BD0E039008B833C /* SECommandAdd.m */ = {isa = PBXFileReference; fileEncoding = 4; lastKnownFileType = sourcecode.c.objc; path = SECommandAdd.m; sourceTree = "<group>"; };
		F96C5E831BD0F1D6008B833C /* SECommandRemove.h */ = {isa = PBXFileReference; fileEncoding = 4; lastKnownFileType = sourcecode.c.h; path = SECommandRemove.h; sourceTree = "<group>"; };
		F96C5E841BD0F1D6008B833C /* SECommandRemove.m */ = {isa = PBXFileReference; fileEncoding = 4; lastKnownFileType = sourcecode.c.objc; path = SECommandRemove.m; sourceTree = "<group>"; };
		F96C5E871BD10095008B833C /* HStack.h */ = {isa = PBXFileReference; fileEncoding = 4; lastKnownFileType = sourcecode.c.h; name = HStack.h; path = Helpers/HStack.h; sourceTree = "<group>"; };
		F96C5E881BD10095008B833C /* HStack.m */ = {isa = PBXFileReference; fileEncoding = 4; lastKnownFileType = sourcecode.c.objc; name = HStack.m; path = Helpers/HStack.m; sourceTree = "<group>"; };
		F96C5E8D1BD1263A008B833C /* SECommandModify.h */ = {isa = PBXFileReference; fileEncoding = 4; lastKnownFileType = sourcecode.c.h; path = SECommandModify.h; sourceTree = "<group>"; };
		F96C5E8E1BD1263A008B833C /* SECommandModify.m */ = {isa = PBXFileReference; fileEncoding = 4; lastKnownFileType = sourcecode.c.objc; path = SECommandModify.m; sourceTree = "<group>"; };
		F96C5E911BD13472008B833C /* SEShapeView.h */ = {isa = PBXFileReference; fileEncoding = 4; lastKnownFileType = sourcecode.c.h; name = SEShapeView.h; path = UI/SEShapeView.h; sourceTree = "<group>"; };
		F96C5E921BD13472008B833C /* SEShapeView.m */ = {isa = PBXFileReference; fileEncoding = 4; lastKnownFileType = sourcecode.c.objc; name = SEShapeView.m; path = UI/SEShapeView.m; sourceTree = "<group>"; };
		F96C5E941BD24E96008B833C /* SETriangleShapeView.h */ = {isa = PBXFileReference; fileEncoding = 4; lastKnownFileType = sourcecode.c.h; name = SETriangleShapeView.h; path = UI/SETriangleShapeView.h; sourceTree = "<group>"; };
		F96C5E951BD24E96008B833C /* SETriangleShapeView.m */ = {isa = PBXFileReference; fileEncoding = 4; lastKnownFileType = sourcecode.c.objc; name = SETriangleShapeView.m; path = UI/SETriangleShapeView.m; sourceTree = "<group>"; };
		F96C5E971BD2520B008B833C /* SECircleShapeView.h */ = {isa = PBXFileReference; fileEncoding = 4; lastKnownFileType = sourcecode.c.h; name = SECircleShapeView.h; path = UI/SECircleShapeView.h; sourceTree = "<group>"; };
		F96C5E981BD2520B008B833C /* SECircleShapeView.m */ = {isa = PBXFileReference; fileEncoding = 4; lastKnownFileType = sourcecode.c.objc; name = SECircleShapeView.m; path = UI/SECircleShapeView.m; sourceTree = "<group>"; };
		F96C5E9A1BD25229008B833C /* SERectangleShapeView.h */ = {isa = PBXFileReference; fileEncoding = 4; lastKnownFileType = sourcecode.c.h; name = SERectangleShapeView.h; path = UI/SERectangleShapeView.h; sourceTree = "<group>"; };
		F96C5E9B1BD25229008B833C /* SERectangleShapeView.m */ = {isa = PBXFileReference; fileEncoding = 4; lastKnownFileType = sourcecode.c.objc; name = SERectangleShapeView.m; path = UI/SERectangleShapeView.m; sourceTree = "<group>"; };
		F96C5E9F1BD26BE9008B833C /* UIColor+ShapeColor.h */ = {isa = PBXFileReference; fileEncoding = 4; lastKnownFileType = sourcecode.c.h; name = "UIColor+ShapeColor.h"; path = "Category/UIColor+ShapeColor.h"; sourceTree = "<group>"; };
		F96C5EA01BD26BE9008B833C /* UIColor+ShapeColor.m */ = {isa = PBXFileReference; fileEncoding = 4; lastKnownFileType = sourcecode.c.objc; name = "UIColor+ShapeColor.m"; path = "Category/UIColor+ShapeColor.m"; sourceTree = "<group>"; };
		F96C5EA21BD273FF008B833C /* UIView+Extended.h */ = {isa = PBXFileReference; fileEncoding = 4; lastKnownFileType = sourcecode.c.h; name = "UIView+Extended.h"; path = "Category/UIView+Extended.h"; sourceTree = "<group>"; };
		F96C5EA31BD273FF008B833C /* UIView+Extended.m */ = {isa = PBXFileReference; fileEncoding = 4; lastKnownFileType = sourcecode.c.objc; name = "UIView+Extended.m"; path = "Category/UIView+Extended.m"; sourceTree = "<group>"; };
		F96C5EA51BD3F79E008B833C /* SEShapesStorage.h */ = {isa = PBXFileReference; fileEncoding = 4; lastKnownFileType = sourcecode.c.h; path = SEShapesStorage.h; sourceTree = "<group>"; };
		F96C5EA61BD3F79E008B833C /* SEShapesStorage.m */ = {isa = PBXFileReference; fileEncoding = 4; lastKnownFileType = sourcecode.c.objc; path = SEShapesStorage.m; sourceTree = "<group>"; };
		F96C5EAD1BD4152A008B833C /* MBProgressHUD.h */ = {isa = PBXFileReference; fileEncoding = 4; lastKnownFileType = sourcecode.c.h; path = MBProgressHUD.h; sourceTree = "<group>"; };
		F96C5EAE1BD4152A008B833C /* MBProgressHUD.m */ = {isa = PBXFileReference; fileEncoding = 4; lastKnownFileType = sourcecode.c.objc; path = MBProgressHUD.m; sourceTree = "<group>"; };
		F98C3E751BD7BB67008640EF /* ShapeEditor-Prefix.pch */ = {isa = PBXFileReference; fileEncoding = 4; lastKnownFileType = sourcecode.c.h; path = "ShapeEditor-Prefix.pch"; sourceTree = "<group>"; };
		F98C3E7E1BD806A6008640EF /* SEWorkAreaView.h */ = {isa = PBXFileReference; fileEncoding = 4; lastKnownFileType = sourcecode.c.h; name = SEWorkAreaView.h; path = UI/SEWorkAreaView.h; sourceTree = "<group>"; };
		F98C3E7F1BD806A6008640EF /* SEWorkAreaView.m */ = {isa = PBXFileReference; fileEncoding = 4; lastKnownFileType = sourcecode.c.objc; name = SEWorkAreaView.m; path = UI/SEWorkAreaView.m; sourceTree = "<group>"; };
/* End PBXFileReference section */

/* Begin PBXFrameworksBuildPhase section */
		F96C5E381BCFDB8F008B833C /* Frameworks */ = {
			isa = PBXFrameworksBuildPhase;
			buildActionMask = 2147483647;
			files = (
			);
			runOnlyForDeploymentPostprocessing = 0;
		};
		F96C5E511BCFDB90008B833C /* Frameworks */ = {
			isa = PBXFrameworksBuildPhase;
			buildActionMask = 2147483647;
			files = (
			);
			runOnlyForDeploymentPostprocessing = 0;
		};
/* End PBXFrameworksBuildPhase section */

/* Begin PBXGroup section */
		F96C5E321BCFDB8F008B833C = {
			isa = PBXGroup;
			children = (
				F96C5E3D1BCFDB8F008B833C /* ShapeEditor */,
				F96C5E571BCFDB90008B833C /* ShapeEditorTests */,
				F96C5E3C1BCFDB8F008B833C /* Products */,
			);
			sourceTree = "<group>";
		};
		F96C5E3C1BCFDB8F008B833C /* Products */ = {
			isa = PBXGroup;
			children = (
				F96C5E3B1BCFDB8F008B833C /* ShapeEditor.app */,
				F96C5E541BCFDB90008B833C /* ShapeEditorTests.xctest */,
			);
			name = Products;
			sourceTree = "<group>";
		};
		F96C5E3D1BCFDB8F008B833C /* ShapeEditor */ = {
			isa = PBXGroup;
			children = (
				F96C5EAB1BD414BA008B833C /* 3dParty */,
				F96C5E9E1BD26B58008B833C /* Category */,
				F96C5E901BD13437008B833C /* UI */,
				F96C5E7E1BD0366A008B833C /* Controller */,
				F96C5E6E1BD0251F008B833C /* Model */,
				F96C5E681BCFE663008B833C /* Resources */,
				F96C5E421BCFDB8F008B833C /* AppDelegate.h */,
				F96C5E431BCFDB8F008B833C /* AppDelegate.m */,
				F98C3E751BD7BB67008640EF /* ShapeEditor-Prefix.pch */,
				F96C5E481BCFDB8F008B833C /* Main.storyboard */,
				F96C5E4B1BCFDB8F008B833C /* Images.xcassets */,
				F96C5E4D1BCFDB90008B833C /* LaunchScreen.xib */,
				F96C5E3E1BCFDB8F008B833C /* Supporting Files */,
			);
			path = ShapeEditor;
			sourceTree = "<group>";
		};
		F96C5E3E1BCFDB8F008B833C /* Supporting Files */ = {
			isa = PBXGroup;
			children = (
				F96C5E3F1BCFDB8F008B833C /* Info.plist */,
				F96C5E401BCFDB8F008B833C /* main.m */,
			);
			name = "Supporting Files";
			sourceTree = "<group>";
		};
		F96C5E571BCFDB90008B833C /* ShapeEditorTests */ = {
			isa = PBXGroup;
			children = (
				F96C5E5A1BCFDB90008B833C /* ShapeEditorTests.m */,
				F96C5E581BCFDB90008B833C /* Supporting Files */,
			);
			path = ShapeEditorTests;
			sourceTree = "<group>";
		};
		F96C5E581BCFDB90008B833C /* Supporting Files */ = {
			isa = PBXGroup;
			children = (
				F96C5E591BCFDB90008B833C /* Info.plist */,
			);
			name = "Supporting Files";
			sourceTree = "<group>";
		};
		F96C5E681BCFE663008B833C /* Resources */ = {
			isa = PBXGroup;
			children = (
				F96C5E691BCFE672008B833C /* Fonts */,
			);
			path = Resources;
			sourceTree = "<group>";
		};
		F96C5E691BCFE672008B833C /* Fonts */ = {
			isa = PBXGroup;
			children = (
				F96C5E6C1BCFEE88008B833C /* Entypo.otf */,
				F96C5E6A1BCFE68C008B833C /* Shape Blocks Solid.ttf */,
			);
			path = Fonts;
			sourceTree = "<group>";
		};
		F96C5E6E1BD0251F008B833C /* Model */ = {
			isa = PBXGroup;
			children = (
				F96C5E861BD1003E008B833C /* Helpers */,
				F96C5E6F1BD025A0008B833C /* SEShape.h */,
				F96C5E701BD025A0008B833C /* SEShape.m */,
				F96C5E721BD025F3008B833C /* SEWorkArea.h */,
				F96C5E731BD025F3008B833C /* SEWorkArea.m */,
				F96C5E751BD02619008B833C /* SECommand.h */,
				F96C5E761BD02619008B833C /* SECommand.m */,
				F96C5E801BD0E039008B833C /* SECommandAdd.h */,
				F96C5E811BD0E039008B833C /* SECommandAdd.m */,
				F96C5E831BD0F1D6008B833C /* SECommandRemove.h */,
				F96C5E841BD0F1D6008B833C /* SECommandRemove.m */,
				F96C5E8D1BD1263A008B833C /* SECommandModify.h */,
				F96C5E8E1BD1263A008B833C /* SECommandModify.m */,
				F96C5E7B1BD026A9008B833C /* SECommandInvoker.h */,
				F96C5E7C1BD026A9008B833C /* SECommandInvoker.m */,
				F96C5EA51BD3F79E008B833C /* SEShapesStorage.h */,
				F96C5EA61BD3F79E008B833C /* SEShapesStorage.m */,
			);
			path = Model;
			sourceTree = "<group>";
		};
		F96C5E7E1BD0366A008B833C /* Controller */ = {
			isa = PBXGroup;
			children = (
				F96C5E451BCFDB8F008B833C /* EditorViewController.h */,
				F96C5E461BCFDB8F008B833C /* EditorViewController.m */,
			);
			name = Controller;
			sourceTree = "<group>";
		};
		F96C5E861BD1003E008B833C /* Helpers */ = {
			isa = PBXGroup;
			children = (
				F96C5E871BD10095008B833C /* HStack.h */,
				F96C5E881BD10095008B833C /* HStack.m */,
			);
			name = Helpers;
			sourceTree = "<group>";
		};
		F96C5E901BD13437008B833C /* UI */ = {
			isa = PBXGroup;
			children = (
				F96C5E911BD13472008B833C /* SEShapeView.h */,
				F96C5E921BD13472008B833C /* SEShapeView.m */,
				F96C5E941BD24E96008B833C /* SETriangleShapeView.h */,
				F96C5E951BD24E96008B833C /* SETriangleShapeView.m */,
				F96C5E971BD2520B008B833C /* SECircleShapeView.h */,
				F96C5E981BD2520B008B833C /* SECircleShapeView.m */,
				F96C5E9A1BD25229008B833C /* SERectangleShapeView.h */,
				F96C5E9B1BD25229008B833C /* SERectangleShapeView.m */,
				F98C3E7E1BD806A6008640EF /* SEWorkAreaView.h */,
				F98C3E7F1BD806A6008640EF /* SEWorkAreaView.m */,
			);
			name = UI;
			sourceTree = "<group>";
		};
		F96C5E9E1BD26B58008B833C /* Category */ = {
			isa = PBXGroup;
			children = (
				F96C5E9F1BD26BE9008B833C /* UIColor+ShapeColor.h */,
				F96C5EA01BD26BE9008B833C /* UIColor+ShapeColor.m */,
				F96C5EA21BD273FF008B833C /* UIView+Extended.h */,
				F96C5EA31BD273FF008B833C /* UIView+Extended.m */,
			);
			name = Category;
			sourceTree = "<group>";
		};
		F96C5EAB1BD414BA008B833C /* 3dParty */ = {
			isa = PBXGroup;
			children = (
				F96C5EAC1BD4152A008B833C /* MBProgressHUD */,
			);
			name = 3dParty;
			sourceTree = "<group>";
		};
		F96C5EAC1BD4152A008B833C /* MBProgressHUD */ = {
			isa = PBXGroup;
			children = (
				F96C5EAD1BD4152A008B833C /* MBProgressHUD.h */,
				F96C5EAE1BD4152A008B833C /* MBProgressHUD.m */,
			);
			name = MBProgressHUD;
			path = 3dParty/MBProgressHUD;
			sourceTree = "<group>";
		};
/* End PBXGroup section */

/* Begin PBXNativeTarget section */
		F96C5E3A1BCFDB8F008B833C /* ShapeEditor */ = {
			isa = PBXNativeTarget;
			buildConfigurationList = F96C5E5E1BCFDB90008B833C /* Build configuration list for PBXNativeTarget "ShapeEditor" */;
			buildPhases = (
				F96C5E371BCFDB8F008B833C /* Sources */,
				F96C5E381BCFDB8F008B833C /* Frameworks */,
				F96C5E391BCFDB8F008B833C /* Resources */,
			);
			buildRules = (
			);
			dependencies = (
			);
			name = ShapeEditor;
			productName = ShapeEditor;
			productReference = F96C5E3B1BCFDB8F008B833C /* ShapeEditor.app */;
			productType = "com.apple.product-type.application";
		};
		F96C5E531BCFDB90008B833C /* ShapeEditorTests */ = {
			isa = PBXNativeTarget;
			buildConfigurationList = F96C5E611BCFDB90008B833C /* Build configuration list for PBXNativeTarget "ShapeEditorTests" */;
			buildPhases = (
				F96C5E501BCFDB90008B833C /* Sources */,
				F96C5E511BCFDB90008B833C /* Frameworks */,
				F96C5E521BCFDB90008B833C /* Resources */,
			);
			buildRules = (
			);
			dependencies = (
				F96C5E561BCFDB90008B833C /* PBXTargetDependency */,
			);
			name = ShapeEditorTests;
			productName = ShapeEditorTests;
			productReference = F96C5E541BCFDB90008B833C /* ShapeEditorTests.xctest */;
			productType = "com.apple.product-type.bundle.unit-test";
		};
/* End PBXNativeTarget section */

/* Begin PBXProject section */
		F96C5E331BCFDB8F008B833C /* Project object */ = {
			isa = PBXProject;
			attributes = {
				LastUpgradeCheck = 0640;
				ORGANIZATIONNAME = iSpring;
				TargetAttributes = {
					F96C5E3A1BCFDB8F008B833C = {
						CreatedOnToolsVersion = 6.4;
					};
					F96C5E531BCFDB90008B833C = {
						CreatedOnToolsVersion = 6.4;
						TestTargetID = F96C5E3A1BCFDB8F008B833C;
					};
				};
			};
			buildConfigurationList = F96C5E361BCFDB8F008B833C /* Build configuration list for PBXProject "ShapeEditor" */;
			compatibilityVersion = "Xcode 3.2";
			developmentRegion = English;
			hasScannedForEncodings = 0;
			knownRegions = (
				en,
				Base,
			);
			mainGroup = F96C5E321BCFDB8F008B833C;
			productRefGroup = F96C5E3C1BCFDB8F008B833C /* Products */;
			projectDirPath = "";
			projectRoot = "";
			targets = (
				F96C5E3A1BCFDB8F008B833C /* ShapeEditor */,
				F96C5E531BCFDB90008B833C /* ShapeEditorTests */,
			);
		};
/* End PBXProject section */

/* Begin PBXResourcesBuildPhase section */
		F96C5E391BCFDB8F008B833C /* Resources */ = {
			isa = PBXResourcesBuildPhase;
			buildActionMask = 2147483647;
			files = (
				F96C5E6B1BCFE694008B833C /* Shape Blocks Solid.ttf in Resources */,
				F96C5E4A1BCFDB8F008B833C /* Main.storyboard in Resources */,
				F96C5E4F1BCFDB90008B833C /* LaunchScreen.xib in Resources */,
				F96C5E6D1BCFEE88008B833C /* Entypo.otf in Resources */,
				F96C5E4C1BCFDB8F008B833C /* Images.xcassets in Resources */,
			);
			runOnlyForDeploymentPostprocessing = 0;
		};
		F96C5E521BCFDB90008B833C /* Resources */ = {
			isa = PBXResourcesBuildPhase;
			buildActionMask = 2147483647;
			files = (
			);
			runOnlyForDeploymentPostprocessing = 0;
		};
/* End PBXResourcesBuildPhase section */

/* Begin PBXSourcesBuildPhase section */
		F96C5E371BCFDB8F008B833C /* Sources */ = {
			isa = PBXSourcesBuildPhase;
			buildActionMask = 2147483647;
			files = (
				F96C5E961BD24E96008B833C /* SETriangleShapeView.m in Sources */,
				F96C5E471BCFDB8F008B833C /* EditorViewController.m in Sources */,
				F96C5E8F1BD1263A008B833C /* SECommandModify.m in Sources */,
				F96C5EA71BD3F79E008B833C /* SEShapesStorage.m in Sources */,
				F96C5E891BD10095008B833C /* HStack.m in Sources */,
				F96C5E851BD0F1D6008B833C /* SECommandRemove.m in Sources */,
				F96C5E9C1BD25229008B833C /* SERectangleShapeView.m in Sources */,
				F96C5EAF1BD4152A008B833C /* MBProgressHUD.m in Sources */,
				F96C5E821BD0E039008B833C /* SECommandAdd.m in Sources */,
				F96C5EA11BD26BE9008B833C /* UIColor+ShapeColor.m in Sources */,
				F96C5E771BD02619008B833C /* SECommand.m in Sources */,
				F96C5E711BD025A0008B833C /* SEShape.m in Sources */,
				F96C5E441BCFDB8F008B833C /* AppDelegate.m in Sources */,
				F96C5E931BD13472008B833C /* SEShapeView.m in Sources */,
				F98C3E801BD806A6008640EF /* SEWorkAreaView.m in Sources */,
				F96C5E7D1BD026A9008B833C /* SECommandInvoker.m in Sources */,
				F96C5E741BD025F3008B833C /* SEWorkArea.m in Sources */,
				F96C5E991BD2520B008B833C /* SECircleShapeView.m in Sources */,
				F96C5EA41BD273FF008B833C /* UIView+Extended.m in Sources */,
				F96C5E411BCFDB8F008B833C /* main.m in Sources */,
			);
			runOnlyForDeploymentPostprocessing = 0;
		};
		F96C5E501BCFDB90008B833C /* Sources */ = {
			isa = PBXSourcesBuildPhase;
			buildActionMask = 2147483647;
			files = (
				F96C5E5B1BCFDB90008B833C /* ShapeEditorTests.m in Sources */,
			);
			runOnlyForDeploymentPostprocessing = 0;
		};
/* End PBXSourcesBuildPhase section */

/* Begin PBXTargetDependency section */
		F96C5E561BCFDB90008B833C /* PBXTargetDependency */ = {
			isa = PBXTargetDependency;
			target = F96C5E3A1BCFDB8F008B833C /* ShapeEditor */;
			targetProxy = F96C5E551BCFDB90008B833C /* PBXContainerItemProxy */;
		};
/* End PBXTargetDependency section */

/* Begin PBXVariantGroup section */
		F96C5E481BCFDB8F008B833C /* Main.storyboard */ = {
			isa = PBXVariantGroup;
			children = (
				F96C5E491BCFDB8F008B833C /* Base */,
			);
			name = Main.storyboard;
			sourceTree = "<group>";
		};
		F96C5E4D1BCFDB90008B833C /* LaunchScreen.xib */ = {
			isa = PBXVariantGroup;
			children = (
				F96C5E4E1BCFDB90008B833C /* Base */,
			);
			name = LaunchScreen.xib;
			sourceTree = "<group>";
		};
/* End PBXVariantGroup section */

/* Begin XCBuildConfiguration section */
		F96C5E5C1BCFDB90008B833C /* Debug */ = {
			isa = XCBuildConfiguration;
			buildSettings = {
				ALWAYS_SEARCH_USER_PATHS = NO;
				CLANG_CXX_LANGUAGE_STANDARD = "gnu++0x";
				CLANG_CXX_LIBRARY = "libc++";
				CLANG_ENABLE_MODULES = YES;
				CLANG_ENABLE_OBJC_ARC = YES;
				CLANG_WARN_BOOL_CONVERSION = YES;
				CLANG_WARN_CONSTANT_CONVERSION = YES;
				CLANG_WARN_DIRECT_OBJC_ISA_USAGE = YES_ERROR;
				CLANG_WARN_EMPTY_BODY = YES;
				CLANG_WARN_ENUM_CONVERSION = YES;
				CLANG_WARN_INT_CONVERSION = YES;
				CLANG_WARN_OBJC_ROOT_CLASS = YES_ERROR;
				CLANG_WARN_UNREACHABLE_CODE = YES;
				CLANG_WARN__DUPLICATE_METHOD_MATCH = YES;
				"CODE_SIGN_IDENTITY[sdk=iphoneos*]" = "iPhone Developer";
				COPY_PHASE_STRIP = NO;
				DEBUG_INFORMATION_FORMAT = "dwarf-with-dsym";
				ENABLE_STRICT_OBJC_MSGSEND = YES;
				GCC_C_LANGUAGE_STANDARD = gnu99;
				GCC_DYNAMIC_NO_PIC = NO;
				GCC_NO_COMMON_BLOCKS = YES;
				GCC_OPTIMIZATION_LEVEL = 0;
				GCC_PREFIX_HEADER = "ShapeEditor/ShapeEditor-Prefix.pch";
				GCC_PREPROCESSOR_DEFINITIONS = (
					"DEBUG=1",
					"$(inherited)",
				);
				GCC_SYMBOLS_PRIVATE_EXTERN = NO;
				GCC_WARN_64_TO_32_BIT_CONVERSION = YES;
				GCC_WARN_ABOUT_RETURN_TYPE = YES_ERROR;
				GCC_WARN_UNDECLARED_SELECTOR = YES;
				GCC_WARN_UNINITIALIZED_AUTOS = YES_AGGRESSIVE;
				GCC_WARN_UNUSED_FUNCTION = YES;
				GCC_WARN_UNUSED_VARIABLE = YES;
				IPHONEOS_DEPLOYMENT_TARGET = 7.0;
				MTL_ENABLE_DEBUG_INFO = YES;
				ONLY_ACTIVE_ARCH = YES;
				SDKROOT = iphoneos;
				TARGETED_DEVICE_FAMILY = "1,2";
			};
			name = Debug;
		};
		F96C5E5D1BCFDB90008B833C /* Release */ = {
			isa = XCBuildConfiguration;
			buildSettings = {
				ALWAYS_SEARCH_USER_PATHS = NO;
				CLANG_CXX_LANGUAGE_STANDARD = "gnu++0x";
				CLANG_CXX_LIBRARY = "libc++";
				CLANG_ENABLE_MODULES = YES;
				CLANG_ENABLE_OBJC_ARC = YES;
				CLANG_WARN_BOOL_CONVERSION = YES;
				CLANG_WARN_CONSTANT_CONVERSION = YES;
				CLANG_WARN_DIRECT_OBJC_ISA_USAGE = YES_ERROR;
				CLANG_WARN_EMPTY_BODY = YES;
				CLANG_WARN_ENUM_CONVERSION = YES;
				CLANG_WARN_INT_CONVERSION = YES;
				CLANG_WARN_OBJC_ROOT_CLASS = YES_ERROR;
				CLANG_WARN_UNREACHABLE_CODE = YES;
				CLANG_WARN__DUPLICATE_METHOD_MATCH = YES;
				"CODE_SIGN_IDENTITY[sdk=iphoneos*]" = "iPhone Developer";
				COPY_PHASE_STRIP = NO;
				DEBUG_INFORMATION_FORMAT = "dwarf-with-dsym";
				ENABLE_NS_ASSERTIONS = NO;
				ENABLE_STRICT_OBJC_MSGSEND = YES;
				GCC_C_LANGUAGE_STANDARD = gnu99;
				GCC_NO_COMMON_BLOCKS = YES;
				GCC_PREFIX_HEADER = "ShapeEditor/ShapeEditor-Prefix.pch";
				GCC_WARN_64_TO_32_BIT_CONVERSION = YES;
				GCC_WARN_ABOUT_RETURN_TYPE = YES_ERROR;
				GCC_WARN_UNDECLARED_SELECTOR = YES;
				GCC_WARN_UNINITIALIZED_AUTOS = YES_AGGRESSIVE;
				GCC_WARN_UNUSED_FUNCTION = YES;
				GCC_WARN_UNUSED_VARIABLE = YES;
				IPHONEOS_DEPLOYMENT_TARGET = 7.0;
				MTL_ENABLE_DEBUG_INFO = NO;
				SDKROOT = iphoneos;
				TARGETED_DEVICE_FAMILY = "1,2";
				VALIDATE_PRODUCT = YES;
			};
			name = Release;
		};
		F96C5E5F1BCFDB90008B833C /* Debug */ = {
			isa = XCBuildConfiguration;
			buildSettings = {
				ASSETCATALOG_COMPILER_APPICON_NAME = AppIcon;
				ASSETCATALOG_COMPILER_LAUNCHIMAGE_NAME = LaunchImage;
				HEADER_SEARCH_PATHS = (
					"$(inherited)",
					/Applications/Xcode.app/Contents/Developer/Toolchains/XcodeDefault.xctoolchain/usr/include,
					"$(PROJECT_DIR)/ShapeEditor/3dParty/**",
				);
				INFOPLIST_FILE = ShapeEditor/Info.plist;
				IPHONEOS_DEPLOYMENT_TARGET = 7.0;
				LD_RUNPATH_SEARCH_PATHS = "$(inherited) @executable_path/Frameworks";
				PRODUCT_NAME = "$(TARGET_NAME)";
				PROVISIONING_PROFILE = "";
			};
			name = Debug;
		};
		F96C5E601BCFDB90008B833C /* Release */ = {
			isa = XCBuildConfiguration;
			buildSettings = {
				ASSETCATALOG_COMPILER_APPICON_NAME = AppIcon;
				ASSETCATALOG_COMPILER_LAUNCHIMAGE_NAME = LaunchImage;
				HEADER_SEARCH_PATHS = (
					"$(inherited)",
					/Applications/Xcode.app/Contents/Developer/Toolchains/XcodeDefault.xctoolchain/usr/include,
					"$(PROJECT_DIR)/ShapeEditor/3dParty/**",
				);
				INFOPLIST_FILE = ShapeEditor/Info.plist;
				IPHONEOS_DEPLOYMENT_TARGET = 7.0;
				LD_RUNPATH_SEARCH_PATHS = "$(inherited) @executable_path/Frameworks";
				PRODUCT_NAME = "$(TARGET_NAME)";
				PROVISIONING_PROFILE = "";
			};
			name = Release;
		};
		F96C5E621BCFDB90008B833C /* Debug */ = {
			isa = XCBuildConfiguration;
			buildSettings = {
				BUNDLE_LOADER = "$(TEST_HOST)";
				FRAMEWORK_SEARCH_PATHS = (
					"$(SDKROOT)/Developer/Library/Frameworks",
					"$(inherited)",
				);
				GCC_PREFIX_HEADER = "";
				GCC_PREPROCESSOR_DEFINITIONS = (
					"DEBUG=1",
					"$(inherited)",
					"UNIT_TESTS=1",
				);
				INFOPLIST_FILE = ShapeEditorTests/Info.plist;
				LD_RUNPATH_SEARCH_PATHS = "$(inherited) @executable_path/Frameworks @loader_path/Frameworks";
				PRODUCT_NAME = "$(TARGET_NAME)";
				PROVISIONING_PROFILE = "";
				TEST_HOST = "$(BUILT_PRODUCTS_DIR)/ShapeEditor.app/ShapeEditor";
			};
			name = Debug;
		};
		F96C5E631BCFDB90008B833C /* Release */ = {
			isa = XCBuildConfiguration;
			buildSettings = {
				BUNDLE_LOADER = "$(TEST_HOST)";
				FRAMEWORK_SEARCH_PATHS = (
					"$(SDKROOT)/Developer/Library/Frameworks",
					"$(inherited)",
				);
				GCC_PREFIX_HEADER = "";
				INFOPLIST_FILE = ShapeEditorTests/Info.plist;
				LD_RUNPATH_SEARCH_PATHS = "$(inherited) @executable_path/Frameworks @loader_path/Frameworks";
				PRODUCT_NAME = "$(TARGET_NAME)";
				PROVISIONING_PROFILE = "";
				TEST_HOST = "$(BUILT_PRODUCTS_DIR)/ShapeEditor.app/ShapeEditor";
			};
			name = Release;
		};
/* End XCBuildConfiguration section */

/* Begin XCConfigurationList section */
		F96C5E361BCFDB8F008B833C /* Build configuration list for PBXProject "ShapeEditor" */ = {
			isa = XCConfigurationList;
			buildConfigurations = (
				F96C5E5C1BCFDB90008B833C /* Debug */,
				F96C5E5D1BCFDB90008B833C /* Release */,
			);
			defaultConfigurationIsVisible = 0;
			defaultConfigurationName = Release;
		};
		F96C5E5E1BCFDB90008B833C /* Build configuration list for PBXNativeTarget "ShapeEditor" */ = {
			isa = XCConfigurationList;
			buildConfigurations = (
				F96C5E5F1BCFDB90008B833C /* Debug */,
				F96C5E601BCFDB90008B833C /* Release */,
			);
			defaultConfigurationIsVisible = 0;
			defaultConfigurationName = Release;
		};
		F96C5E611BCFDB90008B833C /* Build configuration list for PBXNativeTarget "ShapeEditorTests" */ = {
			isa = XCConfigurationList;
			buildConfigurations = (
				F96C5E621BCFDB90008B833C /* Debug */,
				F96C5E631BCFDB90008B833C /* Release */,
			);
			defaultConfigurationIsVisible = 0;
			defaultConfigurationName = Release;
		};
/* End XCConfigurationList section */
	};
	rootObject = F96C5E331BCFDB8F008B833C /* Project object */;
}
